
Microsoft Visual Studio Solution File, Format Version 12.00
# Visual Studio Version 17
VisualStudioVersion = 17.5.002.0
MinimumVisualStudioVersion = 10.0.40219.1
Project("{9A19103F-16F7-4668-BE54-9A1E7A4F7556}") = "FirstProject", "FirstProject.csproj", "{8557E429-F1F6-45EB-8988-4850C47A3DFC}"
EndProject
Global
	GlobalSection(SolutionConfigurationPlatforms) = preSolution
		Debug|Any CPU = Debug|Any CPU
		Release|Any CPU = Release|Any CPU
	EndGlobalSection
	GlobalSection(ProjectConfigurationPlatforms) = postSolution
		{8557E429-F1F6-45EB-8988-4850C47A3DFC}.Debug|Any CPU.ActiveCfg = Debug|Any CPU
		{8557E429-F1F6-45EB-8988-4850C47A3DFC}.Debug|Any CPU.Build.0 = Debug|Any CPU
		{8557E429-F1F6-45EB-8988-4850C47A3DFC}.Release|Any CPU.ActiveCfg = Release|Any CPU
		{8557E429-F1F6-45EB-8988-4850C47A3DFC}.Release|Any CPU.Build.0 = Release|Any CPU
	EndGlobalSection
	GlobalSection(SolutionProperties) = preSolution
		HideSolutionNode = FALSE
	EndGlobalSection
	GlobalSection(ExtensibilityGlobals) = postSolution
		SolutionGuid = {C0A69484-BC77-44EC-AEF4-4593FC98044C}
	EndGlobalSection
EndGlobal
