
Microsoft Visual Studio Solution File, Format Version 12.00
# Visual Studio Version 17
VisualStudioVersion = 17.5.002.0
MinimumVisualStudioVersion = 10.0.40219.1
Project("{9A19103F-16F7-4668-BE54-9A1E7A4F7556}") = "ThirdProject", "ThirdProject.csproj", "{E954D0BB-9509-4B1F-9DD5-06C57195B6C7}"
EndProject
Global
	GlobalSection(SolutionConfigurationPlatforms) = preSolution
		Debug|Any CPU = Debug|Any CPU
		Release|Any CPU = Release|Any CPU
	EndGlobalSection
	GlobalSection(ProjectConfigurationPlatforms) = postSolution
		{E954D0BB-9509-4B1F-9DD5-06C57195B6C7}.Debug|Any CPU.ActiveCfg = Debug|Any CPU
		{E954D0BB-9509-4B1F-9DD5-06C57195B6C7}.Debug|Any CPU.Build.0 = Debug|Any CPU
		{E954D0BB-9509-4B1F-9DD5-06C57195B6C7}.Release|Any CPU.ActiveCfg = Release|Any CPU
		{E954D0BB-9509-4B1F-9DD5-06C57195B6C7}.Release|Any CPU.Build.0 = Release|Any CPU
	EndGlobalSection
	GlobalSection(SolutionProperties) = preSolution
		HideSolutionNode = FALSE
	EndGlobalSection
	GlobalSection(ExtensibilityGlobals) = postSolution
		SolutionGuid = {29A7E5EB-C83C-4443-ABFC-149EDCAF611E}
	EndGlobalSection
EndGlobal
